
Microsoft Visual Studio Solution File, Format Version 12.00
# Visual Studio Version 17
VisualStudioVersion = 17.10.35027.167
MinimumVisualStudioVersion = 10.0.40219.1
Project("{9A19103F-16F7-4668-BE54-9A1E7A4F7556}") = "LearningSystem.Web", "LearningSystem.Web\LearningSystem.Web.csproj", "{F0DDDF54-4B36-46F5-A049-EC921A7BB7A4}"
EndProject
Project("{2150E333-8FDC-42A3-9474-1A3956D46DE8}") = "Web", "Web", "{672DE3A9-6885-4114-9254-7B7178880DA6}"
EndProject
Project("{2150E333-8FDC-42A3-9474-1A3956D46DE8}") = "Data", "Data", "{E1F4D154-C06F-481D-A442-5FFC3F5613EB}"
EndProject
Project("{9A19103F-16F7-4668-BE54-9A1E7A4F7556}") = "LearningSystem.Data", "LearningSystem.Data\LearningSystem.Data.csproj", "{4C5417D7-81FC-4A1B-8082-296362DF5B21}"
EndProject
Project("{9A19103F-16F7-4668-BE54-9A1E7A4F7556}") = "LearningSystem.Data.Models", "LearningSystem.Data.Models\LearningSystem.Data.Models.csproj", "{C684B08D-4359-4018-95F1-8983949E8DAD}"
EndProject
Project("{9A19103F-16F7-4668-BE54-9A1E7A4F7556}") = "LearningSystem.Common", "LearningSystem.Common\LearningSystem.Common.csproj", "{3FD2A7D3-A1DA-44E3-9198-3160842F9622}"
EndProject
Project("{9A19103F-16F7-4668-BE54-9A1E7A4F7556}") = "LearningSystem.Web.ViewModels", "LearningSystem.ViewModels\LearningSystem.Web.ViewModels.csproj", "{BF2081FC-6583-4065-B350-B8B21F11DF59}"
EndProject
Global
	GlobalSection(SolutionConfigurationPlatforms) = preSolution
		Debug|Any CPU = Debug|Any CPU
		Release|Any CPU = Release|Any CPU
	EndGlobalSection
	GlobalSection(ProjectConfigurationPlatforms) = postSolution
		{F0DDDF54-4B36-46F5-A049-EC921A7BB7A4}.Debug|Any CPU.ActiveCfg = Debug|Any CPU
		{F0DDDF54-4B36-46F5-A049-EC921A7BB7A4}.Debug|Any CPU.Build.0 = Debug|Any CPU
		{F0DDDF54-4B36-46F5-A049-EC921A7BB7A4}.Release|Any CPU.ActiveCfg = Release|Any CPU
		{F0DDDF54-4B36-46F5-A049-EC921A7BB7A4}.Release|Any CPU.Build.0 = Release|Any CPU
		{4C5417D7-81FC-4A1B-8082-296362DF5B21}.Debug|Any CPU.ActiveCfg = Debug|Any CPU
		{4C5417D7-81FC-4A1B-8082-296362DF5B21}.Debug|Any CPU.Build.0 = Debug|Any CPU
		{4C5417D7-81FC-4A1B-8082-296362DF5B21}.Release|Any CPU.ActiveCfg = Release|Any CPU
		{4C5417D7-81FC-4A1B-8082-296362DF5B21}.Release|Any CPU.Build.0 = Release|Any CPU
		{C684B08D-4359-4018-95F1-8983949E8DAD}.Debug|Any CPU.ActiveCfg = Debug|Any CPU
		{C684B08D-4359-4018-95F1-8983949E8DAD}.Debug|Any CPU.Build.0 = Debug|Any CPU
		{C684B08D-4359-4018-95F1-8983949E8DAD}.Release|Any CPU.ActiveCfg = Release|Any CPU
		{C684B08D-4359-4018-95F1-8983949E8DAD}.Release|Any CPU.Build.0 = Release|Any CPU
		{3FD2A7D3-A1DA-44E3-9198-3160842F9622}.Debug|Any CPU.ActiveCfg = Debug|Any CPU
		{3FD2A7D3-A1DA-44E3-9198-3160842F9622}.Debug|Any CPU.Build.0 = Debug|Any CPU
		{3FD2A7D3-A1DA-44E3-9198-3160842F9622}.Release|Any CPU.ActiveCfg = Release|Any CPU
		{3FD2A7D3-A1DA-44E3-9198-3160842F9622}.Release|Any CPU.Build.0 = Release|Any CPU
		{BF2081FC-6583-4065-B350-B8B21F11DF59}.Debug|Any CPU.ActiveCfg = Debug|Any CPU
		{BF2081FC-6583-4065-B350-B8B21F11DF59}.Debug|Any CPU.Build.0 = Debug|Any CPU
		{BF2081FC-6583-4065-B350-B8B21F11DF59}.Release|Any CPU.ActiveCfg = Release|Any CPU
		{BF2081FC-6583-4065-B350-B8B21F11DF59}.Release|Any CPU.Build.0 = Release|Any CPU
	EndGlobalSection
	GlobalSection(SolutionProperties) = preSolution
		HideSolutionNode = FALSE
	EndGlobalSection
	GlobalSection(NestedProjects) = preSolution
		{F0DDDF54-4B36-46F5-A049-EC921A7BB7A4} = {672DE3A9-6885-4114-9254-7B7178880DA6}
		{4C5417D7-81FC-4A1B-8082-296362DF5B21} = {E1F4D154-C06F-481D-A442-5FFC3F5613EB}
		{C684B08D-4359-4018-95F1-8983949E8DAD} = {E1F4D154-C06F-481D-A442-5FFC3F5613EB}
		{BF2081FC-6583-4065-B350-B8B21F11DF59} = {672DE3A9-6885-4114-9254-7B7178880DA6}
	EndGlobalSection
	GlobalSection(ExtensibilityGlobals) = postSolution
		SolutionGuid = {50363450-DFBF-4E66-A80F-96793D567895}
	EndGlobalSection
EndGlobal
